
Microsoft Visual Studio Solution File, Format Version 12.00
# Visual Studio Version 17
VisualStudioVersion = 17.2.32616.157
MinimumVisualStudioVersion = 10.0.40219.1
Project("{FAE04EC0-301F-11D3-BF4B-00C04F79EFBC}") = "WtfMediatr.StraightForwardImplementation", "WtfMediatr.StraightForwardImplementation\WtfMediatr.StraightForwardImplementation.csproj", "{5763640D-AB8E-402B-9B95-2F24BCB86801}"
EndProject
Project("{FAE04EC0-301F-11D3-BF4B-00C04F79EFBC}") = "WtfMediatr.Core", "WtfMediatr.Core\WtfMediatr.Core.csproj", "{DFDD22FD-5730-4615-A387-66257531930C}"
EndProject
Project("{2150E333-8FDC-42A3-9474-1A3956D46DE8}") = "0. Core", "0. Core", "{48B6E93F-EE10-4D1C-A149-F9E0EE860163}"
	ProjectSection(SolutionItems) = preProject
		core.md = core.md
	EndProjectSection
EndProject
Project("{2150E333-8FDC-42A3-9474-1A3956D46DE8}") = "1. Staightforward Implementation", "1. Staightforward Implementation", "{5A71C42B-FDFB-420C-9773-4B1BCE4BC055}"
EndProject
Global
	GlobalSection(SolutionConfigurationPlatforms) = preSolution
		Debug|Any CPU = Debug|Any CPU
		Release|Any CPU = Release|Any CPU
	EndGlobalSection
	GlobalSection(ProjectConfigurationPlatforms) = postSolution
		{5763640D-AB8E-402B-9B95-2F24BCB86801}.Debug|Any CPU.ActiveCfg = Debug|Any CPU
		{5763640D-AB8E-402B-9B95-2F24BCB86801}.Debug|Any CPU.Build.0 = Debug|Any CPU
		{5763640D-AB8E-402B-9B95-2F24BCB86801}.Release|Any CPU.ActiveCfg = Release|Any CPU
		{5763640D-AB8E-402B-9B95-2F24BCB86801}.Release|Any CPU.Build.0 = Release|Any CPU
		{DFDD22FD-5730-4615-A387-66257531930C}.Debug|Any CPU.ActiveCfg = Debug|Any CPU
		{DFDD22FD-5730-4615-A387-66257531930C}.Debug|Any CPU.Build.0 = Debug|Any CPU
		{DFDD22FD-5730-4615-A387-66257531930C}.Release|Any CPU.ActiveCfg = Release|Any CPU
		{DFDD22FD-5730-4615-A387-66257531930C}.Release|Any CPU.Build.0 = Release|Any CPU
	EndGlobalSection
	GlobalSection(SolutionProperties) = preSolution
		HideSolutionNode = FALSE
	EndGlobalSection
	GlobalSection(NestedProjects) = preSolution
		{5763640D-AB8E-402B-9B95-2F24BCB86801} = {5A71C42B-FDFB-420C-9773-4B1BCE4BC055}
		{DFDD22FD-5730-4615-A387-66257531930C} = {48B6E93F-EE10-4D1C-A149-F9E0EE860163}
	EndGlobalSection
	GlobalSection(ExtensibilityGlobals) = postSolution
		SolutionGuid = {712816E8-8C62-4A6D-9DAF-092A076AC16E}
	EndGlobalSection
EndGlobal
